
Microsoft Visual Studio Solution File, Format Version 12.00
# Visual Studio Version 17
VisualStudioVersion = 17.4.33403.182
MinimumVisualStudioVersion = 10.0.40219.1
Project("{FAE04EC0-301F-11D3-BF4B-00C04F79EFBC}") = "TestApp", "TestApp\TestApp.csproj", "{68A457BE-2646-4431-AFF3-4EF2DEDE89BE}"
EndProject
Global
	GlobalSection(SolutionConfigurationPlatforms) = preSolution
		Debug|Any CPU = Debug|Any CPU
		Release|Any CPU = Release|Any CPU
	EndGlobalSection
	GlobalSection(ProjectConfigurationPlatforms) = postSolution
		{68A457BE-2646-4431-AFF3-4EF2DEDE89BE}.Debug|Any CPU.ActiveCfg = Debug|Any CPU
		{68A457BE-2646-4431-AFF3-4EF2DEDE89BE}.Debug|Any CPU.Build.0 = Debug|Any CPU
		{68A457BE-2646-4431-AFF3-4EF2DEDE89BE}.Release|Any CPU.ActiveCfg = Release|Any CPU
		{68A457BE-2646-4431-AFF3-4EF2DEDE89BE}.Release|Any CPU.Build.0 = Release|Any CPU
	EndGlobalSection
	GlobalSection(SolutionProperties) = preSolution
		HideSolutionNode = FALSE
	EndGlobalSection
	GlobalSection(ExtensibilityGlobals) = postSolution
		SolutionGuid = {6B95999D-B859-4F3D-83EE-E17AEF2920BE}
	EndGlobalSection
EndGlobal
